
Microsoft Visual Studio Solution File, Format Version 12.00
# Visual Studio Version 17
VisualStudioVersion = 17.4.33213.308
MinimumVisualStudioVersion = 10.0.40219.1
Project("{FAE04EC0-301F-11D3-BF4B-00C04F79EFBC}") = "ConsoleAppSampleCosmoDB", "ConsoleAppSampleCosmoDB\ConsoleAppSampleCosmoDB.csproj", "{AB33DDE4-3D3E-45EA-85AF-4DBEDB244FA1}"
EndProject
Global
	GlobalSection(SolutionConfigurationPlatforms) = preSolution
		Debug|Any CPU = Debug|Any CPU
		Release|Any CPU = Release|Any CPU
	EndGlobalSection
	GlobalSection(ProjectConfigurationPlatforms) = postSolution
		{AB33DDE4-3D3E-45EA-85AF-4DBEDB244FA1}.Debug|Any CPU.ActiveCfg = Debug|Any CPU
		{AB33DDE4-3D3E-45EA-85AF-4DBEDB244FA1}.Debug|Any CPU.Build.0 = Debug|Any CPU
		{AB33DDE4-3D3E-45EA-85AF-4DBEDB244FA1}.Release|Any CPU.ActiveCfg = Release|Any CPU
		{AB33DDE4-3D3E-45EA-85AF-4DBEDB244FA1}.Release|Any CPU.Build.0 = Release|Any CPU
	EndGlobalSection
	GlobalSection(SolutionProperties) = preSolution
		HideSolutionNode = FALSE
	EndGlobalSection
	GlobalSection(ExtensibilityGlobals) = postSolution
		SolutionGuid = {F88322FD-7981-45A4-9B70-BA2F98E85803}
	EndGlobalSection
EndGlobal
