
Microsoft Visual Studio Solution File, Format Version 12.00
# Visual Studio Version 17
VisualStudioVersion = 17.5.33530.505
MinimumVisualStudioVersion = 10.0.40219.1
Project("{FAE04EC0-301F-11D3-BF4B-00C04F79EFBC}") = "DanfosWebApp", "DanfosWebApp\DanfosWebApp.csproj", "{7CA0C67C-C265-4404-8DCF-BD196E1F0964}"
EndProject
Global
	GlobalSection(SolutionConfigurationPlatforms) = preSolution
		Debug|Any CPU = Debug|Any CPU
		Release|Any CPU = Release|Any CPU
	EndGlobalSection
	GlobalSection(ProjectConfigurationPlatforms) = postSolution
		{7CA0C67C-C265-4404-8DCF-BD196E1F0964}.Debug|Any CPU.ActiveCfg = Debug|Any CPU
		{7CA0C67C-C265-4404-8DCF-BD196E1F0964}.Debug|Any CPU.Build.0 = Debug|Any CPU
		{7CA0C67C-C265-4404-8DCF-BD196E1F0964}.Release|Any CPU.ActiveCfg = Release|Any CPU
		{7CA0C67C-C265-4404-8DCF-BD196E1F0964}.Release|Any CPU.Build.0 = Release|Any CPU
	EndGlobalSection
	GlobalSection(SolutionProperties) = preSolution
		HideSolutionNode = FALSE
	EndGlobalSection
	GlobalSection(ExtensibilityGlobals) = postSolution
		SolutionGuid = {242F6927-2270-44BD-AD0D-EE5C42717FE3}
	EndGlobalSection
EndGlobal
